
Microsoft Visual Studio Solution File, Format Version 12.00
# Visual Studio Version 16
VisualStudioVersion = 16.0.29102.190
MinimumVisualStudioVersion = 10.0.40219.1
Project("{FAE04EC0-301F-11D3-BF4B-00C04F79EFBC}") = "OISPT_SSRS", "OISPT_SSRS\OISPT_SSRS.csproj", "{AAA99B33-D64E-468D-B1C9-316279DD7BB6}"
EndProject
Global
	GlobalSection(SolutionConfigurationPlatforms) = preSolution
		Debug|Any CPU = Debug|Any CPU
		Release|Any CPU = Release|Any CPU
	EndGlobalSection
	GlobalSection(ProjectConfigurationPlatforms) = postSolution
		{AAA99B33-D64E-468D-B1C9-316279DD7BB6}.Debug|Any CPU.ActiveCfg = Debug|Any CPU
		{AAA99B33-D64E-468D-B1C9-316279DD7BB6}.Debug|Any CPU.Build.0 = Debug|Any CPU
		{AAA99B33-D64E-468D-B1C9-316279DD7BB6}.Release|Any CPU.ActiveCfg = Release|Any CPU
		{AAA99B33-D64E-468D-B1C9-316279DD7BB6}.Release|Any CPU.Build.0 = Release|Any CPU
	EndGlobalSection
	GlobalSection(SolutionProperties) = preSolution
		HideSolutionNode = FALSE
	EndGlobalSection
	GlobalSection(ExtensibilityGlobals) = postSolution
		SolutionGuid = {F158E18A-8266-4145-A67C-2CF1A6B9DBFC}
	EndGlobalSection
EndGlobal
